{
  "name": "outdoor-backup",
  "version": "0.0.1",
  "lockfileVersion": 3,
  "requires": true,
  "packages": {
    "": {
      "name": "outdoor-backup",
      "version": "0.0.1",
      "license": "SEE LICENSE IN LICENSE.txt",
      "dependencies": {
        "electron": "github:EIGHTFINITE/electron#main",
        "electron-chrome-extensions": "github:EIGHTFINITE/electron-chrome-extensions#main",
        "lodash.isinteger": "4.0.4",
        "lodash.isstring": "4.0.1",
        "top-user-agents": "github:EIGHTFINITE/top-user-agents-1#main"
      },
      "engines": {
        "node": "24.14.1",
        "npm": "11.12.1"
      },
      "peerDependencies": {
        "electron": "41.2.0",
        "electron-chrome-extensions": "4.9.0",
        "top-user-agents": "1.0.66"
      }
    },
    "node_modules/debug": {
      "version": "4.4.3",
      "resolved": "https://registry.npmjs.org/debug/-/debug-4.4.3.tgz",
      "integrity": "sha512-RGwwWnwQvkVfavKVt22FGLw+xYSdzARwm0ru6DhTVA3umU5hZc28V3kO4stgYryrTlLpuvgI9GiijltAjNbcqA==",
      "license": "MIT",
      "dependencies": {
        "ms": "^2.1.3"
      },
      "engines": {
        "node": ">=6.0"
      },
      "peerDependenciesMeta": {
        "supports-color": {
          "optional": true
        }
      }
    },
    "node_modules/electron": {
      "version": "41.2.0",
      "resolved": "git+ssh://git@github.com/EIGHTFINITE/electron.git#f448b02d2a724d7100b24b520dcf642b1f3a21f8",
      "license": "MIT",
      "bin": {
        "electron": "cli.js"
      }
    },
    "node_modules/electron-chrome-extensions": {
      "version": "4.9.0",
      "resolved": "git+ssh://git@github.com/EIGHTFINITE/electron-chrome-extensions.git#0218d20dc634e189b48e16f30ca8fdd88dd68e2f",
      "license": "GPL-3.0",
      "dependencies": {
        "debug": "^4.3.1"
      }
    },
    "node_modules/lodash.isinteger": {
      "version": "4.0.4",
      "resolved": "https://registry.npmjs.org/lodash.isinteger/-/lodash.isinteger-4.0.4.tgz",
      "integrity": "sha512-DBwtEWN2caHQ9/imiNeEA5ys1JoRtRfY3d7V9wkqtbycnAmTvRRmbHKDV4a0EYc678/dia0jrte4tjYwVBaZUA==",
      "license": "MIT"
    },
    "node_modules/lodash.isstring": {
      "version": "4.0.1",
      "resolved": "https://registry.npmjs.org/lodash.isstring/-/lodash.isstring-4.0.1.tgz",
      "integrity": "sha512-0wJxfxH1wgO3GrbuP+dTTk7op+6L41QCXbGINEmD+ny/G/eCqGzxyCsh7159S+mgDDcoarnBw6PC1PS5+wUGgw==",
      "license": "MIT"
    },
    "node_modules/ms": {
      "version": "2.1.3",
      "resolved": "https://registry.npmjs.org/ms/-/ms-2.1.3.tgz",
      "integrity": "sha512-6FlzubTLZG3J2a/NVCAleEhjzq5oxgHyaCU9yYXvcLsvoVaHJq/s5xXI6/XXP6tz7R9xAOtHnSO/tXtF3WRTlA==",
      "license": "MIT"
    },
    "node_modules/top-user-agents": {
      "version": "1.0.66",
      "resolved": "git+ssh://git@github.com/EIGHTFINITE/top-user-agents-1.git#7032aa7455199b8d52c478cfae53c1d28753b728",
      "license": "MIT"
    }
  }
}
